
Microsoft Visual Studio Solution File, Format Version 12.00
# Visual Studio Version 16
VisualStudioVersion = 16.0.29609.76
MinimumVisualStudioVersion = 10.0.40219.1
Project("{9A19103F-16F7-4668-BE54-9A1E7A4F7556}") = "Microsoft.AspNetCore.Components.Testing", "Microsoft.AspNetCore.Components.Testing\Microsoft.AspNetCore.Components.Testing.csproj", "{DB281B9C-2674-4AAE-B952-9BA934413F96}"
EndProject
Project("{9A19103F-16F7-4668-BE54-9A1E7A4F7556}") = "Speedruns.Web", "Speedruns.Web\Speedruns.Web.csproj", "{71575D51-C73D-4B52-823E-5BCCAB9E8B5D}"
EndProject
Project("{9A19103F-16F7-4668-BE54-9A1E7A4F7556}") = "Streamers.PlatformIntegration", "Streamers.PlatformIntegration\Streamers.PlatformIntegration.csproj", "{ACA4F7E0-8C44-46C6-B756-FC4F5F02E11C}"
EndProject
Project("{E53339B2-1760-4266-BCC7-CA923CBCF16C}") = "docker-compose", "docker-compose.dcproj", "{BA274F1A-CC73-473B-B7AA-7EE14E3BD0E6}"
EndProject
Project("{FAE04EC0-301F-11D3-BF4B-00C04F79EFBC}") = "TwitchTests", "..\TwitchTests\TwitchTests.csproj", "{C54FADAC-9FA5-4009-B0F4-5203751A782B}"
EndProject
Global
	GlobalSection(SolutionConfigurationPlatforms) = preSolution
		Debug|Any CPU = Debug|Any CPU
		Release|Any CPU = Release|Any CPU
	EndGlobalSection
	GlobalSection(ProjectConfigurationPlatforms) = postSolution
		{DB281B9C-2674-4AAE-B952-9BA934413F96}.Debug|Any CPU.ActiveCfg = Debug|Any CPU
		{DB281B9C-2674-4AAE-B952-9BA934413F96}.Debug|Any CPU.Build.0 = Debug|Any CPU
		{DB281B9C-2674-4AAE-B952-9BA934413F96}.Release|Any CPU.ActiveCfg = Release|Any CPU
		{DB281B9C-2674-4AAE-B952-9BA934413F96}.Release|Any CPU.Build.0 = Release|Any CPU
		{71575D51-C73D-4B52-823E-5BCCAB9E8B5D}.Debug|Any CPU.ActiveCfg = Debug|Any CPU
		{71575D51-C73D-4B52-823E-5BCCAB9E8B5D}.Debug|Any CPU.Build.0 = Debug|Any CPU
		{71575D51-C73D-4B52-823E-5BCCAB9E8B5D}.Release|Any CPU.ActiveCfg = Release|Any CPU
		{71575D51-C73D-4B52-823E-5BCCAB9E8B5D}.Release|Any CPU.Build.0 = Release|Any CPU
		{ACA4F7E0-8C44-46C6-B756-FC4F5F02E11C}.Debug|Any CPU.ActiveCfg = Debug|Any CPU
		{ACA4F7E0-8C44-46C6-B756-FC4F5F02E11C}.Debug|Any CPU.Build.0 = Debug|Any CPU
		{ACA4F7E0-8C44-46C6-B756-FC4F5F02E11C}.Release|Any CPU.ActiveCfg = Release|Any CPU
		{ACA4F7E0-8C44-46C6-B756-FC4F5F02E11C}.Release|Any CPU.Build.0 = Release|Any CPU
		{BA274F1A-CC73-473B-B7AA-7EE14E3BD0E6}.Debug|Any CPU.ActiveCfg = Debug|Any CPU
		{BA274F1A-CC73-473B-B7AA-7EE14E3BD0E6}.Debug|Any CPU.Build.0 = Debug|Any CPU
		{BA274F1A-CC73-473B-B7AA-7EE14E3BD0E6}.Release|Any CPU.ActiveCfg = Release|Any CPU
		{BA274F1A-CC73-473B-B7AA-7EE14E3BD0E6}.Release|Any CPU.Build.0 = Release|Any CPU
		{C54FADAC-9FA5-4009-B0F4-5203751A782B}.Debug|Any CPU.ActiveCfg = Debug|Any CPU
		{C54FADAC-9FA5-4009-B0F4-5203751A782B}.Debug|Any CPU.Build.0 = Debug|Any CPU
		{C54FADAC-9FA5-4009-B0F4-5203751A782B}.Release|Any CPU.ActiveCfg = Release|Any CPU
		{C54FADAC-9FA5-4009-B0F4-5203751A782B}.Release|Any CPU.Build.0 = Release|Any CPU
	EndGlobalSection
	GlobalSection(SolutionProperties) = preSolution
		HideSolutionNode = FALSE
	EndGlobalSection
	GlobalSection(ExtensibilityGlobals) = postSolution
		SolutionGuid = {C01E28BF-F485-423C-8CBA-CE52F2B84C00}
	EndGlobalSection
EndGlobal
